{
  "name": "recognizers-text-console-sample",
  "version": "1.0.0",
  "lockfileVersion": 1,
  "requires": true,
  "dependencies": {
    "@microsoft/recognizers-text-suite": {
      "version": "file:../../packages/recognizers-text-suite",
      "requires": {
        "@microsoft/recognizers-text": "~1.1.1",
        "@microsoft/recognizers-text-choice": "~1.1.1",
        "@microsoft/recognizers-text-date-time": "~1.1.1",
        "@microsoft/recognizers-text-number": "~1.1.1",
        "@microsoft/recognizers-text-number-with-unit": "~1.1.1",
        "@microsoft/recognizers-text-sequence": "~1.1.1"
      },
      "dependencies": {
        "@microsoft/recognizers-text": {
          "version": "1.1.1",
          "bundled": true
        },
        "@microsoft/recognizers-text-choice": {
          "version": "1.1.1",
          "bundled": true,
          "requires": {
            "@microsoft/recognizers-text": "~1.1.1",
            "grapheme-splitter": "^1.0.2"
          },
          "dependencies": {
            "@microsoft/recognizers-text": {
              "version": "1.1.1",
              "bundled": true
            },
            "grapheme-splitter": {
              "version": "1.0.4",
              "bundled": true
            }
          }
        },
        "@microsoft/recognizers-text-date-time": {
          "version": "1.1.1",
          "bundled": true,
          "requires": {
            "@microsoft/recognizers-text": "~1.1.1",
            "@microsoft/recognizers-text-number": "~1.1.1",
            "@microsoft/recognizers-text-number-with-unit": "~1.1.1",
            "lodash.isequal": "^4.5.0",
            "lodash.tonumber": "^4.0.3"
          },
          "dependencies": {
            "@microsoft/recognizers-text": {
              "version": "1.1.1",
              "bundled": true
            },
            "@microsoft/recognizers-text-number": {
              "version": "1.1.1",
              "bundled": true,
              "requires": {
                "@microsoft/recognizers-text": "~1.1.1",
                "bignumber.js": "^7.2.1",
                "lodash.escaperegexp": "^4.1.2",
                "lodash.sortby": "^4.7.0",
                "lodash.trimend": "^4.5.1"
              },
              "dependencies": {
                "@microsoft/recognizers-text": {
                  "version": "1.1.1",
                  "bundled": true
                },
                "bignumber.js": {
                  "version": "7.2.1",
                  "bundled": true
                },
                "lodash.escaperegexp": {
                  "version": "4.1.2",
                  "bundled": true
                },
                "lodash.sortby": {
                  "version": "4.7.0",
                  "bundled": true
                },
                "lodash.trimend": {
                  "version": "4.5.1",
                  "bundled": true
                }
              }
            },
            "@microsoft/recognizers-text-number-with-unit": {
              "version": "1.1.1",
              "bundled": true,
              "requires": {
                "@microsoft/recognizers-text": "~1.1.1",
                "@microsoft/recognizers-text-number": "~1.1.1",
                "lodash.escaperegexp": "^4.1.2",
                "lodash.last": "^3.0.0",
                "lodash.max": "^4.0.1"
              },
              "dependencies": {
                "@microsoft/recognizers-text": {
                  "version": "1.1.1",
                  "bundled": true
                },
                "@microsoft/recognizers-text-number": {
                  "version": "1.1.1",
                  "bundled": true,
                  "requires": {
                    "@microsoft/recognizers-text": "~1.1.1",
                    "bignumber.js": "^7.2.1",
                    "lodash.escaperegexp": "^4.1.2",
                    "lodash.sortby": "^4.7.0",
                    "lodash.trimend": "^4.5.1"
                  },
                  "dependencies": {
                    "@microsoft/recognizers-text": {
                      "version": "1.1.1",
                      "bundled": true
                    },
                    "bignumber.js": {
                      "version": "7.2.1",
                      "bundled": true
                    },
                    "lodash.escaperegexp": {
                      "version": "4.1.2",
                      "bundled": true
                    },
                    "lodash.sortby": {
                      "version": "4.7.0",
                      "bundled": true
                    },
                    "lodash.trimend": {
                      "version": "4.5.1",
                      "bundled": true
                    }
                  }
                },
                "lodash.escaperegexp": {
                  "version": "4.1.2",
                  "bundled": true
                },
                "lodash.last": {
                  "version": "3.0.0",
                  "bundled": true
                },
                "lodash.max": {
                  "version": "4.0.1",
                  "bundled": true
                }
              }
            },
            "lodash.isequal": {
              "version": "4.5.0",
              "bundled": true
            },
            "lodash.tonumber": {
              "version": "4.0.3",
              "bundled": true
            }
          }
        },
        "@microsoft/recognizers-text-number": {
          "version": "1.1.1",
          "bundled": true,
          "requires": {
            "@microsoft/recognizers-text": "~1.1.1",
            "bignumber.js": "^7.2.1",
            "lodash.escaperegexp": "^4.1.2",
            "lodash.sortby": "^4.7.0",
            "lodash.trimend": "^4.5.1"
          },
          "dependencies": {
            "@microsoft/recognizers-text": {
              "version": "1.1.1",
              "bundled": true
            },
            "bignumber.js": {
              "version": "7.2.1",
              "bundled": true
            },
            "lodash.escaperegexp": {
              "version": "4.1.2",
              "bundled": true
            },
            "lodash.sortby": {
              "version": "4.7.0",
              "bundled": true
            },
            "lodash.trimend": {
              "version": "4.5.1",
              "bundled": true
            }
          }
        },
        "@microsoft/recognizers-text-number-with-unit": {
          "version": "1.1.1",
          "bundled": true,
          "requires": {
            "@microsoft/recognizers-text": "~1.1.1",
            "@microsoft/recognizers-text-number": "~1.1.1",
            "lodash.escaperegexp": "^4.1.2",
            "lodash.last": "^3.0.0",
            "lodash.max": "^4.0.1"
          },
          "dependencies": {
            "@microsoft/recognizers-text": {
              "version": "1.1.1",
              "bundled": true
            },
            "@microsoft/recognizers-text-number": {
              "version": "1.1.1",
              "bundled": true,
              "requires": {
                "@microsoft/recognizers-text": "~1.1.1",
                "bignumber.js": "^7.2.1",
                "lodash.escaperegexp": "^4.1.2",
                "lodash.sortby": "^4.7.0",
                "lodash.trimend": "^4.5.1"
              },
              "dependencies": {}
            },
            "lodash.escaperegexp": {
              "version": "4.1.2",
              "bundled": true
            },
            "lodash.last": {
              "version": "3.0.0",
              "bundled": true
            },
            "lodash.max": {
              "version": "4.0.1",
              "bundled": true
            }
          }
        },
        "@microsoft/recognizers-text-sequence": {
          "version": "1.1.1",
          "bundled": true,
          "requires": {
            "@microsoft/recognizers-text": "~1.1.1",
            "grapheme-splitter": "^1.0.2"
          },
          "dependencies": {
            "@microsoft/recognizers-text": {
              "version": "1.1.1",
              "bundled": true
            },
            "grapheme-splitter": {
              "version": "1.0.4",
              "bundled": true
            }
          }
        }
      }
    }
  }
}
