{
  "name": "recognizers-text-console-sample",
  "version": "1.0.0",
  "lockfileVersion": 1,
  "requires": true,
  "dependencies": {
    "recognizers-text": {
      "version": "file:../../packages/recognizers-text",
      "requires": {
        "recognizers-text-date-time": "1.0.0",
        "recognizers-text-number": "1.0.0",
        "recognizers-text-number-with-unit": "1.0.0"
      },
      "dependencies": {
        "recognizers-text-date-time": {
          "version": "1.0.0",
          "bundled": true,
          "requires": {
            "lodash.isequal": "4.5.0",
            "lodash.tonumber": "4.0.3",
            "recognizers-text-number": "1.0.0",
            "recognizers-text-number-with-unit": "1.0.0"
          },
          "dependencies": {
            "lodash.isequal": {
              "version": "4.5.0",
              "bundled": true
            },
            "lodash.tonumber": {
              "version": "4.0.3",
              "bundled": true
            },
            "recognizers-text-number": {
              "version": "1.0.0",
              "bundled": true,
              "requires": {
                "bignumber.js": "4.1.0",
                "lodash.escaperegexp": "4.1.2",
                "lodash.sortby": "4.7.0",
                "lodash.trimend": "4.5.1",
                "xregexp": "3.2.0"
              },
              "dependencies": {
                "bignumber.js": {
                  "version": "4.1.0",
                  "bundled": true
                },
                "lodash.escaperegexp": {
                  "version": "4.1.2",
                  "bundled": true
                },
                "lodash.sortby": {
                  "version": "4.7.0",
                  "bundled": true
                },
                "lodash.trimend": {
                  "version": "4.5.1",
                  "bundled": true
                },
                "xregexp": {
                  "version": "3.2.0",
                  "bundled": true
                }
              }
            },
            "recognizers-text-number-with-unit": {
              "version": "1.0.0",
              "bundled": true,
              "requires": {
                "lodash.escaperegexp": "4.1.2",
                "lodash.last": "3.0.0",
                "lodash.max": "4.0.1",
                "recognizers-text-number": "1.0.0"
              },
              "dependencies": {
                "lodash.escaperegexp": {
                  "version": "4.1.2",
                  "bundled": true
                },
                "lodash.last": {
                  "version": "3.0.0",
                  "bundled": true
                },
                "lodash.max": {
                  "version": "4.0.1",
                  "bundled": true
                },
                "recognizers-text-number": {
                  "version": "1.0.0",
                  "bundled": true,
                  "requires": {
                    "bignumber.js": "4.1.0",
                    "lodash.escaperegexp": "4.1.2",
                    "lodash.sortby": "4.7.0",
                    "lodash.trimend": "4.5.1",
                    "xregexp": "3.2.0"
                  },
                  "dependencies": {
                    "bignumber.js": {
                      "version": "4.1.0",
                      "bundled": true
                    },
                    "lodash.escaperegexp": {
                      "version": "4.1.2",
                      "bundled": true
                    },
                    "lodash.sortby": {
                      "version": "4.7.0",
                      "bundled": true
                    },
                    "lodash.trimend": {
                      "version": "4.5.1",
                      "bundled": true
                    },
                    "xregexp": {
                      "version": "3.2.0",
                      "bundled": true
                    }
                  }
                }
              }
            }
          }
        },
        "recognizers-text-number": {
          "version": "1.0.0",
          "bundled": true,
          "requires": {
            "bignumber.js": "4.1.0",
            "lodash.escaperegexp": "4.1.2",
            "lodash.sortby": "4.7.0",
            "lodash.trimend": "4.5.1",
            "xregexp": "3.2.0"
          },
          "dependencies": {
            "bignumber.js": {
              "version": "4.1.0",
              "bundled": true
            },
            "lodash.escaperegexp": {
              "version": "4.1.2",
              "bundled": true
            },
            "lodash.sortby": {
              "version": "4.7.0",
              "bundled": true
            },
            "lodash.trimend": {
              "version": "4.5.1",
              "bundled": true
            },
            "xregexp": {
              "version": "3.2.0",
              "bundled": true
            }
          }
        },
        "recognizers-text-number-with-unit": {
          "version": "1.0.0",
          "bundled": true,
          "requires": {
            "lodash.escaperegexp": "4.1.2",
            "lodash.last": "3.0.0",
            "lodash.max": "4.0.1",
            "recognizers-text-number": "1.0.0"
          },
          "dependencies": {
            "lodash.escaperegexp": {
              "version": "4.1.2",
              "bundled": true
            },
            "lodash.last": {
              "version": "3.0.0",
              "bundled": true
            },
            "lodash.max": {
              "version": "4.0.1",
              "bundled": true
            },
            "recognizers-text-number": {
              "version": "1.0.0",
              "bundled": true,
              "requires": {
                "bignumber.js": "4.1.0",
                "lodash.escaperegexp": "4.1.2",
                "lodash.sortby": "4.7.0",
                "lodash.trimend": "4.5.1",
                "xregexp": "3.2.0"
              },
              "dependencies": {}
            }
          }
        }
      }
    }
  }
}
