
Microsoft Visual Studio Solution File, Format Version 12.00
# Visual Studio 15
VisualStudioVersion = 15.0.27130.2026
MinimumVisualStudioVersion = 10.0.40219.1
Project("{2150E333-8FDC-42A3-9474-1A3956D46DE8}") = "Tests", "Tests", "{ED7B6456-AB0A-48CE-8F85-711FE87F09C2}"
EndProject
Project("{2150E333-8FDC-42A3-9474-1A3956D46DE8}") = "Solution Items", "Solution Items", "{55DA4431-1E79-4DCB-883F-6C945B02B043}"
	ProjectSection(SolutionItems) = preProject
		CreateAllPackages.cmd = CreateAllPackages.cmd
		README.md = README.md
		Recognizers-Text.ruleset = Recognizers-Text.ruleset
	EndProjectSection
EndProject
Project("{9A19103F-16F7-4668-BE54-9A1E7A4F7556}") = "Microsoft.Recognizers.Text.DateTime", "Microsoft.Recognizers.Text.DateTime\Microsoft.Recognizers.Text.DateTime.csproj", "{19522B81-C63F-4DD5-AB4C-674CD44D67D6}"
EndProject
Project("{2150E333-8FDC-42A3-9474-1A3956D46DE8}") = "Data Files", "Data Files", "{F070C131-80C0-4B0E-A462-2F6DB796759D}"
EndProject
Project("{2150E333-8FDC-42A3-9474-1A3956D46DE8}") = "Patterns", "Patterns", "{23084BAE-6EB0-439A-BD71-31A783680711}"
	ProjectSection(SolutionItems) = preProject
		..\Patterns\Base-Currency.yaml = ..\Patterns\Base-Currency.yaml
		..\Patterns\Base-DateTime.yaml = ..\Patterns\Base-DateTime.yaml
		..\Patterns\Base-Email.yaml = ..\Patterns\Base-Email.yaml
		..\Patterns\Base-Ip.yaml = ..\Patterns\Base-Ip.yaml
		..\Patterns\Base-Numbers.yaml = ..\Patterns\Base-Numbers.yaml
		..\Patterns\Base-PhoneNumbers.yaml = ..\Patterns\Base-PhoneNumbers.yaml
		..\Patterns\Base-Units.yaml = ..\Patterns\Base-Units.yaml
		..\Patterns\Base-URL.yaml = ..\Patterns\Base-URL.yaml
		..\Patterns\Bulgarian\Bulgarian-Choice.yaml = ..\Patterns\Bulgarian\Bulgarian-Choice.yaml
		..\Patterns\Chinese\Chinese-Choice.yaml = ..\Patterns\Chinese\Chinese-Choice.yaml
		..\Patterns\Chinese\Chinese-DateTime.yaml = ..\Patterns\Chinese\Chinese-DateTime.yaml
		..\Patterns\Chinese\Chinese-Numbers.yaml = ..\Patterns\Chinese\Chinese-Numbers.yaml
		..\Patterns\Chinese\Chinese-NumbersWithUnit.yaml = ..\Patterns\Chinese\Chinese-NumbersWithUnit.yaml
		..\Patterns\Dutch\Dutch-Choice.yaml = ..\Patterns\Dutch\Dutch-Choice.yaml
		..\Patterns\Dutch\Dutch-DateTime.yaml = ..\Patterns\Dutch\Dutch-DateTime.yaml
		..\Patterns\Dutch\Dutch-Numbers.yaml = ..\Patterns\Dutch\Dutch-Numbers.yaml
		..\Patterns\Dutch\Dutch-NumbersWithUnit.yaml = ..\Patterns\Dutch\Dutch-NumbersWithUnit.yaml
		..\Patterns\Dutch\Dutch-TimeZone.yaml = ..\Patterns\Dutch\Dutch-TimeZone.yaml
		..\Patterns\English\English-Choice.yaml = ..\Patterns\English\English-Choice.yaml
		..\Patterns\English\English-DateTime.yaml = ..\Patterns\English\English-DateTime.yaml
		..\Patterns\English\English-Numbers.yaml = ..\Patterns\English\English-Numbers.yaml
		..\Patterns\English\English-NumbersWithUnit.yaml = ..\Patterns\English\English-NumbersWithUnit.yaml
		..\Patterns\English\English-TimeZone.yaml = ..\Patterns\English\English-TimeZone.yaml
		..\Patterns\French\French-Choice.yaml = ..\Patterns\French\French-Choice.yaml
		..\Patterns\French\French-DateTime.yaml = ..\Patterns\French\French-DateTime.yaml
		..\Patterns\French\French-Numbers.yaml = ..\Patterns\French\French-Numbers.yaml
		..\Patterns\French\French-NumbersWithUnit.yaml = ..\Patterns\French\French-NumbersWithUnit.yaml
		..\Patterns\German\German-Choice.yaml = ..\Patterns\German\German-Choice.yaml
		..\Patterns\German\German-DateTime.yaml = ..\Patterns\German\German-DateTime.yaml
		..\Patterns\German\German-Numbers.yaml = ..\Patterns\German\German-Numbers.yaml
		..\Patterns\German\German-NumbersWithUnit.yaml = ..\Patterns\German\German-NumbersWithUnit.yaml
		..\Patterns\Italian\Italian-DateTime.yaml = ..\Patterns\Italian\Italian-DateTime.yaml
		..\Patterns\Italian\Italian-Numbers.yaml = ..\Patterns\Italian\Italian-Numbers.yaml
		..\Patterns\Italian\Italian-NumbersWithUnit.yaml = ..\Patterns\Italian\Italian-NumbersWithUnit.yaml
		..\Patterns\Japanese\Japanese-Choice.yaml = ..\Patterns\Japanese\Japanese-Choice.yaml
		..\Patterns\Japanese\Japanese-DateTime.yaml = ..\Patterns\Japanese\Japanese-DateTime.yaml
		..\Patterns\Japanese\Japanese-Numbers.yaml = ..\Patterns\Japanese\Japanese-Numbers.yaml
		..\Patterns\Japanese\Japanese-NumbersWithUnit.yaml = ..\Patterns\Japanese\Japanese-NumbersWithUnit.yaml
		..\Patterns\Korean\Korean-Numbers.yaml = ..\Patterns\Korean\Korean-Numbers.yaml
		..\Patterns\Portuguese\Portuguese-Choice.yaml = ..\Patterns\Portuguese\Portuguese-Choice.yaml
		..\Patterns\Portuguese\Portuguese-DateTime.yaml = ..\Patterns\Portuguese\Portuguese-DateTime.yaml
		..\Patterns\Portuguese\Portuguese-Numbers.yaml = ..\Patterns\Portuguese\Portuguese-Numbers.yaml
		..\Patterns\Portuguese\Portuguese-NumbersWithUnit.yaml = ..\Patterns\Portuguese\Portuguese-NumbersWithUnit.yaml
		..\Patterns\Spanish\Spanish-Choice.yaml = ..\Patterns\Spanish\Spanish-Choice.yaml
		..\Patterns\Spanish\Spanish-DateTime.yaml = ..\Patterns\Spanish\Spanish-DateTime.yaml
		..\Patterns\Spanish\Spanish-Numbers.yaml = ..\Patterns\Spanish\Spanish-Numbers.yaml
		..\Patterns\Spanish\Spanish-NumbersWithUnit.yaml = ..\Patterns\Spanish\Spanish-NumbersWithUnit.yaml
		..\Patterns\Swedish\Swedish-Choice.yaml = ..\Patterns\Swedish\Swedish-Choice.yaml
	EndProjectSection
EndProject
Project("{FAE04EC0-301F-11D3-BF4B-00C04F79EFBC}") = "Microsoft.Recognizers.Text.DataDrivenTests", "Microsoft.Recognizers.Text.DataDrivenTests\Microsoft.Recognizers.Text.DataDrivenTests.csproj", "{2783050D-97E2-4F10-99F0-E2D970FD996A}"
EndProject
Project("{2150E333-8FDC-42A3-9474-1A3956D46DE8}") = "Samples", "Samples", "{452C724B-66C1-4F67-A718-E7733F79961D}"
	ProjectSection(SolutionItems) = preProject
		Samples\README.md = Samples\README.md
	EndProjectSection
EndProject
Project("{9A19103F-16F7-4668-BE54-9A1E7A4F7556}") = "SimpleConsole", "Samples\SimpleConsole\SimpleConsole.csproj", "{062ACBE8-C3EF-4F5B-BFD1-04B129A7F1D2}"
EndProject
Project("{9A19103F-16F7-4668-BE54-9A1E7A4F7556}") = "Microsoft.Recognizers.Text", "Microsoft.Recognizers.Text\Microsoft.Recognizers.Text.csproj", "{59755149-E656-4EF7-87A5-76EEE3FD5146}"
EndProject
Project("{9A19103F-16F7-4668-BE54-9A1E7A4F7556}") = "Microsoft.Recognizers.Text.Number", "Microsoft.Recognizers.Text.Number\Microsoft.Recognizers.Text.Number.csproj", "{F1005971-0341-4635-AC1B-B272681D0834}"
EndProject
Project("{9A19103F-16F7-4668-BE54-9A1E7A4F7556}") = "Microsoft.Recognizers.Definitions.Common", "Microsoft.Recognizers.Definitions.Common\Microsoft.Recognizers.Definitions.Common.csproj", "{E6BAD17F-2FB0-4A3C-B897-BA9331DEB88A}"
EndProject
Project("{9A19103F-16F7-4668-BE54-9A1E7A4F7556}") = "Microsoft.Recognizers.Definitions", "Microsoft.Recognizers.Definitions\Microsoft.Recognizers.Definitions.csproj", "{9A4EED9D-A3CE-4BA2-9021-042768D14A48}"
EndProject
Project("{9A19103F-16F7-4668-BE54-9A1E7A4F7556}") = "Microsoft.Recognizers.Text.NumberWithUnit", "Microsoft.Recognizers.Text.NumberWithUnit\Microsoft.Recognizers.Text.NumberWithUnit.csproj", "{E9BE4F64-9CC5-433C-90CC-A379A732E5E8}"
EndProject
Project("{9A19103F-16F7-4668-BE54-9A1E7A4F7556}") = "Microsoft.Recognizers.Text.Sequence", "Microsoft.Recognizers.Text.Sequence\Microsoft.Recognizers.Text.Sequence.csproj", "{A5F60D50-81F7-44F8-A2B4-A63606376EE7}"
EndProject
Project("{9A19103F-16F7-4668-BE54-9A1E7A4F7556}") = "Microsoft.Recognizers.Text.Choice", "Microsoft.Recognizers.Text.Choice\Microsoft.Recognizers.Text.Choice.csproj", "{9318EA22-C36A-48C8-9882-8A0D2D74C356}"
EndProject
Project("{9A19103F-16F7-4668-BE54-9A1E7A4F7556}") = "Microsoft.Recognizers.Text.DataTypes.TimexExpression", "Microsoft.Recognizers.Text.DataTypes.TimexExpression\Microsoft.Recognizers.Text.DataTypes.TimexExpression.csproj", "{E4FCBDE9-D436-4D39-A67F-707E6CBD45CB}"
EndProject
Project("{FAE04EC0-301F-11D3-BF4B-00C04F79EFBC}") = "Microsoft.Recognizers.Text.DataTypes.DataDrivenTests", "Microsoft.Recognizers.Text.DataTypes.DataDrivenTests\Microsoft.Recognizers.Text.DataTypes.DataDrivenTests.csproj", "{32A4593C-3D2D-412E-8EC5-07346266A358}"
EndProject
Project("{9A19103F-16F7-4668-BE54-9A1E7A4F7556}") = "RecognizerFunction", "Samples\RecognizerFunction\RecognizerFunction.csproj", "{AC7B58DC-209E-47FA-9B03-A1E0FB5E7B05}"
EndProject
Project("{9A19103F-16F7-4668-BE54-9A1E7A4F7556}") = "BotBuilderRecognizerBot", "Samples\BotBuilder\BotBuilderRecognizerBot.csproj", "{5039FC31-E88A-45EC-811B-3C406162A863}"
EndProject
Global
	GlobalSection(SolutionConfigurationPlatforms) = preSolution
		Debug|Any CPU = Debug|Any CPU
		Release|Any CPU = Release|Any CPU
	EndGlobalSection
	GlobalSection(ProjectConfigurationPlatforms) = postSolution
		{19522B81-C63F-4DD5-AB4C-674CD44D67D6}.Debug|Any CPU.ActiveCfg = Debug|Any CPU
		{19522B81-C63F-4DD5-AB4C-674CD44D67D6}.Debug|Any CPU.Build.0 = Debug|Any CPU
		{19522B81-C63F-4DD5-AB4C-674CD44D67D6}.Release|Any CPU.ActiveCfg = Release|Any CPU
		{19522B81-C63F-4DD5-AB4C-674CD44D67D6}.Release|Any CPU.Build.0 = Release|Any CPU
		{2783050D-97E2-4F10-99F0-E2D970FD996A}.Debug|Any CPU.ActiveCfg = Debug|Any CPU
		{2783050D-97E2-4F10-99F0-E2D970FD996A}.Debug|Any CPU.Build.0 = Debug|Any CPU
		{2783050D-97E2-4F10-99F0-E2D970FD996A}.Release|Any CPU.ActiveCfg = Release|Any CPU
		{2783050D-97E2-4F10-99F0-E2D970FD996A}.Release|Any CPU.Build.0 = Release|Any CPU
		{062ACBE8-C3EF-4F5B-BFD1-04B129A7F1D2}.Debug|Any CPU.ActiveCfg = Debug|Any CPU
		{062ACBE8-C3EF-4F5B-BFD1-04B129A7F1D2}.Debug|Any CPU.Build.0 = Debug|Any CPU
		{062ACBE8-C3EF-4F5B-BFD1-04B129A7F1D2}.Release|Any CPU.ActiveCfg = Release|Any CPU
		{062ACBE8-C3EF-4F5B-BFD1-04B129A7F1D2}.Release|Any CPU.Build.0 = Release|Any CPU
		{59755149-E656-4EF7-87A5-76EEE3FD5146}.Debug|Any CPU.ActiveCfg = Debug|Any CPU
		{59755149-E656-4EF7-87A5-76EEE3FD5146}.Debug|Any CPU.Build.0 = Debug|Any CPU
		{59755149-E656-4EF7-87A5-76EEE3FD5146}.Release|Any CPU.ActiveCfg = Release|Any CPU
		{59755149-E656-4EF7-87A5-76EEE3FD5146}.Release|Any CPU.Build.0 = Release|Any CPU
		{F1005971-0341-4635-AC1B-B272681D0834}.Debug|Any CPU.ActiveCfg = Debug|Any CPU
		{F1005971-0341-4635-AC1B-B272681D0834}.Debug|Any CPU.Build.0 = Debug|Any CPU
		{F1005971-0341-4635-AC1B-B272681D0834}.Release|Any CPU.ActiveCfg = Release|Any CPU
		{F1005971-0341-4635-AC1B-B272681D0834}.Release|Any CPU.Build.0 = Release|Any CPU
		{E6BAD17F-2FB0-4A3C-B897-BA9331DEB88A}.Debug|Any CPU.ActiveCfg = Debug|Any CPU
		{E6BAD17F-2FB0-4A3C-B897-BA9331DEB88A}.Debug|Any CPU.Build.0 = Debug|Any CPU
		{E6BAD17F-2FB0-4A3C-B897-BA9331DEB88A}.Release|Any CPU.ActiveCfg = Release|Any CPU
		{E6BAD17F-2FB0-4A3C-B897-BA9331DEB88A}.Release|Any CPU.Build.0 = Release|Any CPU
		{9A4EED9D-A3CE-4BA2-9021-042768D14A48}.Debug|Any CPU.ActiveCfg = Debug|Any CPU
		{9A4EED9D-A3CE-4BA2-9021-042768D14A48}.Debug|Any CPU.Build.0 = Debug|Any CPU
		{9A4EED9D-A3CE-4BA2-9021-042768D14A48}.Release|Any CPU.ActiveCfg = Release|Any CPU
		{9A4EED9D-A3CE-4BA2-9021-042768D14A48}.Release|Any CPU.Build.0 = Release|Any CPU
		{E9BE4F64-9CC5-433C-90CC-A379A732E5E8}.Debug|Any CPU.ActiveCfg = Debug|Any CPU
		{E9BE4F64-9CC5-433C-90CC-A379A732E5E8}.Debug|Any CPU.Build.0 = Debug|Any CPU
		{E9BE4F64-9CC5-433C-90CC-A379A732E5E8}.Release|Any CPU.ActiveCfg = Release|Any CPU
		{E9BE4F64-9CC5-433C-90CC-A379A732E5E8}.Release|Any CPU.Build.0 = Release|Any CPU
		{A5F60D50-81F7-44F8-A2B4-A63606376EE7}.Debug|Any CPU.ActiveCfg = Debug|Any CPU
		{A5F60D50-81F7-44F8-A2B4-A63606376EE7}.Debug|Any CPU.Build.0 = Debug|Any CPU
		{A5F60D50-81F7-44F8-A2B4-A63606376EE7}.Release|Any CPU.ActiveCfg = Release|Any CPU
		{A5F60D50-81F7-44F8-A2B4-A63606376EE7}.Release|Any CPU.Build.0 = Release|Any CPU
		{9318EA22-C36A-48C8-9882-8A0D2D74C356}.Debug|Any CPU.ActiveCfg = Debug|Any CPU
		{9318EA22-C36A-48C8-9882-8A0D2D74C356}.Debug|Any CPU.Build.0 = Debug|Any CPU
		{9318EA22-C36A-48C8-9882-8A0D2D74C356}.Release|Any CPU.ActiveCfg = Release|Any CPU
		{9318EA22-C36A-48C8-9882-8A0D2D74C356}.Release|Any CPU.Build.0 = Release|Any CPU
		{E4FCBDE9-D436-4D39-A67F-707E6CBD45CB}.Debug|Any CPU.ActiveCfg = Debug|Any CPU
		{E4FCBDE9-D436-4D39-A67F-707E6CBD45CB}.Debug|Any CPU.Build.0 = Debug|Any CPU
		{E4FCBDE9-D436-4D39-A67F-707E6CBD45CB}.Release|Any CPU.ActiveCfg = Release|Any CPU
		{E4FCBDE9-D436-4D39-A67F-707E6CBD45CB}.Release|Any CPU.Build.0 = Release|Any CPU
		{32A4593C-3D2D-412E-8EC5-07346266A358}.Debug|Any CPU.ActiveCfg = Debug|Any CPU
		{32A4593C-3D2D-412E-8EC5-07346266A358}.Debug|Any CPU.Build.0 = Debug|Any CPU
		{32A4593C-3D2D-412E-8EC5-07346266A358}.Release|Any CPU.ActiveCfg = Release|Any CPU
		{32A4593C-3D2D-412E-8EC5-07346266A358}.Release|Any CPU.Build.0 = Release|Any CPU
		{AC7B58DC-209E-47FA-9B03-A1E0FB5E7B05}.Debug|Any CPU.ActiveCfg = Debug|Any CPU
		{AC7B58DC-209E-47FA-9B03-A1E0FB5E7B05}.Debug|Any CPU.Build.0 = Debug|Any CPU
		{AC7B58DC-209E-47FA-9B03-A1E0FB5E7B05}.Release|Any CPU.ActiveCfg = Release|Any CPU
		{AC7B58DC-209E-47FA-9B03-A1E0FB5E7B05}.Release|Any CPU.Build.0 = Release|Any CPU
		{5039FC31-E88A-45EC-811B-3C406162A863}.Debug|Any CPU.ActiveCfg = Debug|Any CPU
		{5039FC31-E88A-45EC-811B-3C406162A863}.Debug|Any CPU.Build.0 = Debug|Any CPU
		{5039FC31-E88A-45EC-811B-3C406162A863}.Release|Any CPU.ActiveCfg = Release|Any CPU
		{5039FC31-E88A-45EC-811B-3C406162A863}.Release|Any CPU.Build.0 = Release|Any CPU
	EndGlobalSection
	GlobalSection(SolutionProperties) = preSolution
		HideSolutionNode = FALSE
	EndGlobalSection
	GlobalSection(NestedProjects) = preSolution
		{23084BAE-6EB0-439A-BD71-31A783680711} = {F070C131-80C0-4B0E-A462-2F6DB796759D}
		{2783050D-97E2-4F10-99F0-E2D970FD996A} = {ED7B6456-AB0A-48CE-8F85-711FE87F09C2}
		{062ACBE8-C3EF-4F5B-BFD1-04B129A7F1D2} = {452C724B-66C1-4F67-A718-E7733F79961D}
		{E6BAD17F-2FB0-4A3C-B897-BA9331DEB88A} = {F070C131-80C0-4B0E-A462-2F6DB796759D}
		{9A4EED9D-A3CE-4BA2-9021-042768D14A48} = {F070C131-80C0-4B0E-A462-2F6DB796759D}
		{32A4593C-3D2D-412E-8EC5-07346266A358} = {ED7B6456-AB0A-48CE-8F85-711FE87F09C2}
		{AC7B58DC-209E-47FA-9B03-A1E0FB5E7B05} = {452C724B-66C1-4F67-A718-E7733F79961D}
		{5039FC31-E88A-45EC-811B-3C406162A863} = {452C724B-66C1-4F67-A718-E7733F79961D}
	EndGlobalSection
	GlobalSection(ExtensibilityGlobals) = postSolution
		SolutionGuid = {FCFA9AFA-4914-4449-A66D-AE20900F0AA5}
	EndGlobalSection
EndGlobal
