{
  "name": "@microsoft/recognizers-text-date-time",
  "version": "1.3.0",
  "lockfileVersion": 1,
  "requires": true,
  "dependencies": {
    "@microsoft/recognizers-text": {
      "version": "file:../recognizers-text"
    },
    "@microsoft/recognizers-text-number": {
      "version": "file:../recognizers-number",
      "requires": {
        "@microsoft/recognizers-text": "file:https:/registry.npmjs.org/@microsoft/recognizers-text/-/recognizers-text-1.3.0.tgz",
        "bignumber.js": "^7.2.1"
      },
      "dependencies": {
        "@microsoft/recognizers-text": {
          "version": "file:https:/registry.npmjs.org/@microsoft/recognizers-text/-/recognizers-text-1.3.0.tgz",
          "integrity": "sha512-0gUhtS/0qSF6veB3Olu55IuJ0Skwg4u1IbJX9KFj1QeK8z6cw69/p637IPD2NgXLlXCy2HEqLvUW/mgbDp3rWg=="
        },
        "bignumber.js": {
          "version": "7.2.1",
          "resolved": "https://registry.npmjs.org/bignumber.js/-/bignumber.js-7.2.1.tgz",
          "integrity": "sha512-S4XzBk5sMB+Rcb/LNcpzXr57VRTxgAvaAEDAl1AwRx27j00hT84O6OkteE7u8UB3NuaaygCRrEpqox4uDOrbdQ=="
        }
      }
    },
    "@microsoft/recognizers-text-number-with-unit": {
      "version": "file:../recognizers-number-with-unit",
      "requires": {
        "@microsoft/recognizers-text": "file:https:/registry.npmjs.org/@microsoft/recognizers-text/-/recognizers-text-1.3.0.tgz",
        "@microsoft/recognizers-text-number": "file:../recognizers-number"
      },
      "dependencies": {
        "@microsoft/recognizers-text": {
          "version": "file:https:/registry.npmjs.org/@microsoft/recognizers-text/-/recognizers-text-1.3.0.tgz",
          "integrity": "sha512-0gUhtS/0qSF6veB3Olu55IuJ0Skwg4u1IbJX9KFj1QeK8z6cw69/p637IPD2NgXLlXCy2HEqLvUW/mgbDp3rWg=="
        },
        "@microsoft/recognizers-text-number": {
          "version": "file:../recognizers-number",
          "requires": {
            "@microsoft/recognizers-text": "file:https:/registry.npmjs.org/@microsoft/recognizers-text/-/recognizers-text-1.3.0.tgz",
            "bignumber.js": "^7.2.1"
          },
          "dependencies": {
            "@microsoft/recognizers-text": {
              "version": "file:https:/registry.npmjs.org/@microsoft/recognizers-text/-/recognizers-text-1.3.0.tgz",
              "integrity": "sha512-0gUhtS/0qSF6veB3Olu55IuJ0Skwg4u1IbJX9KFj1QeK8z6cw69/p637IPD2NgXLlXCy2HEqLvUW/mgbDp3rWg=="
            },
            "bignumber.js": {
              "version": "7.2.1",
              "resolved": "https://registry.npmjs.org/bignumber.js/-/bignumber.js-7.2.1.tgz",
              "integrity": "sha512-S4XzBk5sMB+Rcb/LNcpzXr57VRTxgAvaAEDAl1AwRx27j00hT84O6OkteE7u8UB3NuaaygCRrEpqox4uDOrbdQ=="
            }
          }
        }
      }
    }
  }
}
