
Microsoft Visual Studio Solution File, Format Version 12.00
# Visual Studio Version 15
VisualStudioVersion = 15.0.27130.2026
MinimumVisualStudioVersion = 10.0.40219.1
Project("{FAE04EC0-301F-11D3-BF4B-00C04F79EFBC}") = "src\ValidationTool", "src\ValidationTool\ValidationTool.csproj", "{9AA77C21-04B7-4AA4-BBE9-79ECCE1B63EA}"
EndProject
Global
	GlobalSection(SolutionConfigurationPlatforms) = preSolution
		Debug|Any CPU = Debug|Any CPU
		Release|Any CPU = Release|Any CPU
	EndGlobalSection
	GlobalSection(ProjectConfigurationPlatforms) = postSolution
		{9AA77C21-04B7-4AA4-BBE9-79ECCE1B63EA}.Debug|Any CPU.ActiveCfg = Debug|Any CPU
		{9AA77C21-04B7-4AA4-BBE9-79ECCE1B63EA}.Debug|Any CPU.Build.0 = Debug|Any CPU
		{9AA77C21-04B7-4AA4-BBE9-79ECCE1B63EA}.Release|Any CPU.ActiveCfg = Release|Any CPU
		{9AA77C21-04B7-4AA4-BBE9-79ECCE1B63EA}.Release|Any CPU.Build.0 = Release|Any CPU
	EndGlobalSection
	GlobalSection(SolutionProperties) = preSolution
		HideSolutionNode = FALSE
	EndGlobalSection
	GlobalSection(ExtensibilityGlobals) = postSolution
		SolutionGuid = {4211C796-9A5F-4FA4-B515-01517909199C}
	EndGlobalSection
EndGlobal
